
Microsoft Visual Studio Solution File, Format Version 11.00
# Visual Studio 2010
Project("{FAE04EC0-301F-11D3-BF4B-00C04F79EFBC}") = "GameOfLife", "GameOfLife\GameOfLife.csproj", "{FD5FB95A-005B-4F73-94A7-DB0D7D4F0B98}"
EndProject
Project("{FAE04EC0-301F-11D3-BF4B-00C04F79EFBC}") = "GameOfLife.Tests", "GameOfLife.Tests\GameOfLife.Tests.csproj", "{CC3712E9-BDFB-48CB-882E-89149233B921}"
EndProject
Project("{FAE04EC0-301F-11D3-BF4B-00C04F79EFBC}") = "GameOfLife.Console", "GameOfLife.Console\GameOfLife.Console.csproj", "{2FDE3A3E-DCF7-436F-B1A7-85F91C06AE3B}"
EndProject
Project("{2150E333-8FDC-42A3-9474-1A3956D46DE8}") = ".nuget", ".nuget", "{253E6D6E-ED2D-4B97-B532-DA726AC0AC69}"
	ProjectSection(SolutionItems) = preProject
		.nuget\NuGet.exe = .nuget\NuGet.exe
		.nuget\NuGet.targets = .nuget\NuGet.targets
	EndProjectSection
EndProject
Project("{2150E333-8FDC-42A3-9474-1A3956D46DE8}") = "Solution Items", "Solution Items", "{37FB58B5-AFC4-4C04-8AA9-057A2C8C96C7}"
EndProject
Global
	GlobalSection(SolutionConfigurationPlatforms) = preSolution
		Debug|Any CPU = Debug|Any CPU
		Debug|Mixed Platforms = Debug|Mixed Platforms
		Debug|x86 = Debug|x86
		Release|Any CPU = Release|Any CPU
		Release|Mixed Platforms = Release|Mixed Platforms
		Release|x86 = Release|x86
	EndGlobalSection
	GlobalSection(ProjectConfigurationPlatforms) = postSolution
		{FD5FB95A-005B-4F73-94A7-DB0D7D4F0B98}.Debug|Any CPU.ActiveCfg = Debug|Any CPU
		{FD5FB95A-005B-4F73-94A7-DB0D7D4F0B98}.Debug|Any CPU.Build.0 = Debug|Any CPU
		{FD5FB95A-005B-4F73-94A7-DB0D7D4F0B98}.Debug|Mixed Platforms.ActiveCfg = Debug|Any CPU
		{FD5FB95A-005B-4F73-94A7-DB0D7D4F0B98}.Debug|Mixed Platforms.Build.0 = Debug|Any CPU
		{FD5FB95A-005B-4F73-94A7-DB0D7D4F0B98}.Debug|x86.ActiveCfg = Debug|Any CPU
		{FD5FB95A-005B-4F73-94A7-DB0D7D4F0B98}.Release|Any CPU.ActiveCfg = Release|Any CPU
		{FD5FB95A-005B-4F73-94A7-DB0D7D4F0B98}.Release|Any CPU.Build.0 = Release|Any CPU
		{FD5FB95A-005B-4F73-94A7-DB0D7D4F0B98}.Release|Mixed Platforms.ActiveCfg = Release|Any CPU
		{FD5FB95A-005B-4F73-94A7-DB0D7D4F0B98}.Release|Mixed Platforms.Build.0 = Release|Any CPU
		{FD5FB95A-005B-4F73-94A7-DB0D7D4F0B98}.Release|x86.ActiveCfg = Release|Any CPU
		{CC3712E9-BDFB-48CB-882E-89149233B921}.Debug|Any CPU.ActiveCfg = Debug|Any CPU
		{CC3712E9-BDFB-48CB-882E-89149233B921}.Debug|Any CPU.Build.0 = Debug|Any CPU
		{CC3712E9-BDFB-48CB-882E-89149233B921}.Debug|Mixed Platforms.ActiveCfg = Debug|Any CPU
		{CC3712E9-BDFB-48CB-882E-89149233B921}.Debug|Mixed Platforms.Build.0 = Debug|Any CPU
		{CC3712E9-BDFB-48CB-882E-89149233B921}.Debug|x86.ActiveCfg = Debug|Any CPU
		{CC3712E9-BDFB-48CB-882E-89149233B921}.Release|Any CPU.ActiveCfg = Release|Any CPU
		{CC3712E9-BDFB-48CB-882E-89149233B921}.Release|Any CPU.Build.0 = Release|Any CPU
		{CC3712E9-BDFB-48CB-882E-89149233B921}.Release|Mixed Platforms.ActiveCfg = Release|Any CPU
		{CC3712E9-BDFB-48CB-882E-89149233B921}.Release|Mixed Platforms.Build.0 = Release|Any CPU
		{CC3712E9-BDFB-48CB-882E-89149233B921}.Release|x86.ActiveCfg = Release|Any CPU
		{2FDE3A3E-DCF7-436F-B1A7-85F91C06AE3B}.Debug|Any CPU.ActiveCfg = Debug|x86
		{2FDE3A3E-DCF7-436F-B1A7-85F91C06AE3B}.Debug|Mixed Platforms.ActiveCfg = Debug|x86
		{2FDE3A3E-DCF7-436F-B1A7-85F91C06AE3B}.Debug|Mixed Platforms.Build.0 = Debug|x86
		{2FDE3A3E-DCF7-436F-B1A7-85F91C06AE3B}.Debug|x86.ActiveCfg = Debug|x86
		{2FDE3A3E-DCF7-436F-B1A7-85F91C06AE3B}.Debug|x86.Build.0 = Debug|x86
		{2FDE3A3E-DCF7-436F-B1A7-85F91C06AE3B}.Release|Any CPU.ActiveCfg = Release|x86
		{2FDE3A3E-DCF7-436F-B1A7-85F91C06AE3B}.Release|Mixed Platforms.ActiveCfg = Release|x86
		{2FDE3A3E-DCF7-436F-B1A7-85F91C06AE3B}.Release|Mixed Platforms.Build.0 = Release|x86
		{2FDE3A3E-DCF7-436F-B1A7-85F91C06AE3B}.Release|x86.ActiveCfg = Release|x86
		{2FDE3A3E-DCF7-436F-B1A7-85F91C06AE3B}.Release|x86.Build.0 = Release|x86
	EndGlobalSection
	GlobalSection(SolutionProperties) = preSolution
		HideSolutionNode = FALSE
	EndGlobalSection
EndGlobal
